
Microsoft Visual Studio Solution File, Format Version 12.00
# Visual Studio 15
VisualStudioVersion = 15.0.28307.960
MinimumVisualStudioVersion = 10.0.40219.1
Project("{FAE04EC0-301F-11D3-BF4B-00C04F79EFBC}") = "RevolutionCAD", "RevolutionCAD\RevolutionCAD.csproj", "{69595ED1-E02E-4C44-A919-102A2E7C736F}"
EndProject
Global
	GlobalSection(SolutionConfigurationPlatforms) = preSolution
		Debug|Any CPU = Debug|Any CPU
		Release|Any CPU = Release|Any CPU
	EndGlobalSection
	GlobalSection(ProjectConfigurationPlatforms) = postSolution
		{69595ED1-E02E-4C44-A919-102A2E7C736F}.Debug|Any CPU.ActiveCfg = Debug|Any CPU
		{69595ED1-E02E-4C44-A919-102A2E7C736F}.Debug|Any CPU.Build.0 = Debug|Any CPU
		{69595ED1-E02E-4C44-A919-102A2E7C736F}.Release|Any CPU.ActiveCfg = Release|Any CPU
		{69595ED1-E02E-4C44-A919-102A2E7C736F}.Release|Any CPU.Build.0 = Release|Any CPU
	EndGlobalSection
	GlobalSection(SolutionProperties) = preSolution
		HideSolutionNode = FALSE
	EndGlobalSection
	GlobalSection(ExtensibilityGlobals) = postSolution
		SolutionGuid = {FE4F006E-51F6-4629-9F7A-D8D53643C291}
	EndGlobalSection
EndGlobal
